// !$*UTF8*$!
{
	archiveVersion = 1;
	classes = {
	};
	objectVersion = 46;
	objects = {

/* Begin PBXBuildFile section */
		2795B70208E44AED9045320D /* Pods_os.framework in Frameworks */ = {isa = PBXBuildFile; fileRef = 6CB445A0D4870C6D9E1E73B9 /* Pods_os.framework */; };
		4C581C5B1FEA042100755290 /* VirtualContentUpdater.swift in Sources */ = {isa = PBXBuildFile; fileRef = 4C581C5A1FEA042100755290 /* VirtualContentUpdater.swift */; };
		4C5D157B1E8FD76E00D8F15C /* AppDelegate.swift in Sources */ = {isa = PBXBuildFile; fileRef = 4C5D157A1E8FD76E00D8F15C /* AppDelegate.swift */; };
		4C5D157D1E8FD76E00D8F15C /* MainViewController.swift in Sources */ = {isa = PBXBuildFile; fileRef = 4C5D157C1E8FD76E00D8F15C /* MainViewController.swift */; };
		4C5D15801E8FD76E00D8F15C /* Main.storyboard in Resources */ = {isa = PBXBuildFile; fileRef = 4C5D157E1E8FD76E00D8F15C /* Main.storyboard */; };
		4C5D15821E8FD76E00D8F15C /* Assets.xcassets in Resources */ = {isa = PBXBuildFile; fileRef = 4C5D15811E8FD76E00D8F15C /* Assets.xcassets */; };
		4C5D15851E8FD76E00D8F15C /* LaunchScreen.storyboard in Resources */ = {isa = PBXBuildFile; fileRef = 4C5D15831E8FD76E00D8F15C /* LaunchScreen.storyboard */; };
		4C5D158E1E8FD7DE00D8F15C /* Extensions.swift in Sources */ = {isa = PBXBuildFile; fileRef = 4C5D158C1E8FD7DE00D8F15C /* Extensions.swift */; };
		4C5D158F1E8FD7DE00D8F15C /* WaveformView.swift in Sources */ = {isa = PBXBuildFile; fileRef = 4C5D158D1E8FD7DE00D8F15C /* WaveformView.swift */; };
		4C74EC961E944D5000B419C9 /* SwipeTutorialViewController.swift in Sources */ = {isa = PBXBuildFile; fileRef = 4C74EC951E944D5000B419C9 /* SwipeTutorialViewController.swift */; };
		4C74EC981E944FA200B419C9 /* Lato-Regular.ttf in Resources */ = {isa = PBXBuildFile; fileRef = 4C74EC971E944FA200B419C9 /* Lato-Regular.ttf */; };
		4C74EC9A1E944FB300B419C9 /* Lato-Semibold.ttf in Resources */ = {isa = PBXBuildFile; fileRef = 4C74EC991E944FB300B419C9 /* Lato-Semibold.ttf */; };
		4C74EC9F1E945BDA00B419C9 /* UserDefaults+osUserDefaults.swift in Sources */ = {isa = PBXBuildFile; fileRef = 4C74EC9E1E945BDA00B419C9 /* UserDefaults+osUserDefaults.swift */; };
/* End PBXBuildFile section */

/* Begin PBXFileReference section */
		4C581C5A1FEA042100755290 /* VirtualContentUpdater.swift */ = {isa = PBXFileReference; fileEncoding = 4; lastKnownFileType = sourcecode.swift; path = VirtualContentUpdater.swift; sourceTree = "<group>"; };
		4C5D15771E8FD76E00D8F15C /* os.app */ = {isa = PBXFileReference; explicitFileType = wrapper.application; includeInIndex = 0; path = os.app; sourceTree = BUILT_PRODUCTS_DIR; };
		4C5D157A1E8FD76E00D8F15C /* AppDelegate.swift */ = {isa = PBXFileReference; lastKnownFileType = sourcecode.swift; path = AppDelegate.swift; sourceTree = "<group>"; };
		4C5D157C1E8FD76E00D8F15C /* MainViewController.swift */ = {isa = PBXFileReference; lastKnownFileType = sourcecode.swift; path = MainViewController.swift; sourceTree = "<group>"; };
		4C5D157F1E8FD76E00D8F15C /* Base */ = {isa = PBXFileReference; lastKnownFileType = file.storyboard; name = Base; path = Base.lproj/Main.storyboard; sourceTree = "<group>"; };
		4C5D15811E8FD76E00D8F15C /* Assets.xcassets */ = {isa = PBXFileReference; lastKnownFileType = folder.assetcatalog; path = Assets.xcassets; sourceTree = "<group>"; };
		4C5D15841E8FD76E00D8F15C /* Base */ = {isa = PBXFileReference; lastKnownFileType = file.storyboard; name = Base; path = Base.lproj/LaunchScreen.storyboard; sourceTree = "<group>"; };
		4C5D15861E8FD76E00D8F15C /* Info.plist */ = {isa = PBXFileReference; lastKnownFileType = text.plist.xml; path = Info.plist; sourceTree = "<group>"; };
		4C5D158C1E8FD7DE00D8F15C /* Extensions.swift */ = {isa = PBXFileReference; fileEncoding = 4; lastKnownFileType = sourcecode.swift; path = Extensions.swift; sourceTree = "<group>"; };
		4C5D158D1E8FD7DE00D8F15C /* WaveformView.swift */ = {isa = PBXFileReference; fileEncoding = 4; lastKnownFileType = sourcecode.swift; path = WaveformView.swift; sourceTree = "<group>"; };
		4C74EC951E944D5000B419C9 /* SwipeTutorialViewController.swift */ = {isa = PBXFileReference; fileEncoding = 4; lastKnownFileType = sourcecode.swift; path = SwipeTutorialViewController.swift; sourceTree = "<group>"; };
		4C74EC971E944FA200B419C9 /* Lato-Regular.ttf */ = {isa = PBXFileReference; lastKnownFileType = file; path = "Lato-Regular.ttf"; sourceTree = "<group>"; };
		4C74EC991E944FB300B419C9 /* Lato-Semibold.ttf */ = {isa = PBXFileReference; lastKnownFileType = file; path = "Lato-Semibold.ttf"; sourceTree = "<group>"; };
		4C74EC9E1E945BDA00B419C9 /* UserDefaults+osUserDefaults.swift */ = {isa = PBXFileReference; fileEncoding = 4; lastKnownFileType = sourcecode.swift; path = "UserDefaults+osUserDefaults.swift"; sourceTree = "<group>"; };
		6CB445A0D4870C6D9E1E73B9 /* Pods_os.framework */ = {isa = PBXFileReference; explicitFileType = wrapper.framework; includeInIndex = 0; path = Pods_os.framework; sourceTree = BUILT_PRODUCTS_DIR; };
		788E468493E8B3B08972DDDF /* Pods-os.release.xcconfig */ = {isa = PBXFileReference; includeInIndex = 1; lastKnownFileType = text.xcconfig; name = "Pods-os.release.xcconfig"; path = "Pods/Target Support Files/Pods-os/Pods-os.release.xcconfig"; sourceTree = "<group>"; };
		F95D2C9A6D9CB56C4810926C /* Pods-os.debug.xcconfig */ = {isa = PBXFileReference; includeInIndex = 1; lastKnownFileType = text.xcconfig; name = "Pods-os.debug.xcconfig"; path = "Pods/Target Support Files/Pods-os/Pods-os.debug.xcconfig"; sourceTree = "<group>"; };
/* End PBXFileReference section */

/* Begin PBXFrameworksBuildPhase section */
		4C5D15741E8FD76E00D8F15C /* Frameworks */ = {
			isa = PBXFrameworksBuildPhase;
			buildActionMask = 2147483647;
			files = (
				2795B70208E44AED9045320D /* Pods_os.framework in Frameworks */,
			);
			runOnlyForDeploymentPostprocessing = 0;
		};
/* End PBXFrameworksBuildPhase section */

/* Begin PBXGroup section */
		0C3969E378705A095457ECB5 /* Pods */ = {
			isa = PBXGroup;
			children = (
				F95D2C9A6D9CB56C4810926C /* Pods-os.debug.xcconfig */,
				788E468493E8B3B08972DDDF /* Pods-os.release.xcconfig */,
			);
			name = Pods;
			sourceTree = "<group>";
		};
		4C5D156E1E8FD76E00D8F15C = {
			isa = PBXGroup;
			children = (
				4C5D15791E8FD76E00D8F15C /* os */,
				4C5D15781E8FD76E00D8F15C /* Products */,
				0C3969E378705A095457ECB5 /* Pods */,
				9C53FBFA9CEE702C8708E263 /* Frameworks */,
			);
			sourceTree = "<group>";
		};
		4C5D15781E8FD76E00D8F15C /* Products */ = {
			isa = PBXGroup;
			children = (
				4C5D15771E8FD76E00D8F15C /* os.app */,
			);
			name = Products;
			sourceTree = "<group>";
		};
		4C5D15791E8FD76E00D8F15C /* os */ = {
			isa = PBXGroup;
			children = (
				4C5D157A1E8FD76E00D8F15C /* AppDelegate.swift */,
				4C74EC9C1E944FCA00B419C9 /* Resources */,
				4C74EC9B1E944FC200B419C9 /* View Controllers */,
				4C74EC9D1E944FEF00B419C9 /* Other Stuff */,
				4C5D157E1E8FD76E00D8F15C /* Main.storyboard */,
				4C5D15811E8FD76E00D8F15C /* Assets.xcassets */,
				4C5D15831E8FD76E00D8F15C /* LaunchScreen.storyboard */,
				4C5D15861E8FD76E00D8F15C /* Info.plist */,
			);
			path = os;
			sourceTree = "<group>";
		};
		4C74EC9B1E944FC200B419C9 /* View Controllers */ = {
			isa = PBXGroup;
			children = (
				4C5D157C1E8FD76E00D8F15C /* MainViewController.swift */,
				4C74EC951E944D5000B419C9 /* SwipeTutorialViewController.swift */,
			);
			name = "View Controllers";
			sourceTree = "<group>";
		};
		4C74EC9C1E944FCA00B419C9 /* Resources */ = {
			isa = PBXGroup;
			children = (
				4C74EC971E944FA200B419C9 /* Lato-Regular.ttf */,
				4C74EC991E944FB300B419C9 /* Lato-Semibold.ttf */,
			);
			name = Resources;
			sourceTree = "<group>";
		};
		4C74EC9D1E944FEF00B419C9 /* Other Stuff */ = {
			isa = PBXGroup;
			children = (
				4C5D158C1E8FD7DE00D8F15C /* Extensions.swift */,
				4C5D158D1E8FD7DE00D8F15C /* WaveformView.swift */,
				4C581C5A1FEA042100755290 /* VirtualContentUpdater.swift */,
				4C74EC9E1E945BDA00B419C9 /* UserDefaults+osUserDefaults.swift */,
			);
			name = "Other Stuff";
			sourceTree = "<group>";
		};
		9C53FBFA9CEE702C8708E263 /* Frameworks */ = {
			isa = PBXGroup;
			children = (
				6CB445A0D4870C6D9E1E73B9 /* Pods_os.framework */,
			);
			name = Frameworks;
			sourceTree = "<group>";
		};
/* End PBXGroup section */

/* Begin PBXNativeTarget section */
		4C5D15761E8FD76E00D8F15C /* os */ = {
			isa = PBXNativeTarget;
			buildConfigurationList = 4C5D15891E8FD76E00D8F15C /* Build configuration list for PBXNativeTarget "os" */;
			buildPhases = (
				3A212064A06260EF337A977D /* [CP] Check Pods Manifest.lock */,
				4C5D15731E8FD76E00D8F15C /* Sources */,
				4C5D15741E8FD76E00D8F15C /* Frameworks */,
				4C5D15751E8FD76E00D8F15C /* Resources */,
				C88231B1FE29A98FA303062A /* [CP] Embed Pods Frameworks */,
				994291BF0F5FED8FB36B8176 /* [CP] Copy Pods Resources */,
				4CE94E961E9073DC000E1EF9 /* ShellScript */,
			);
			buildRules = (
			);
			dependencies = (
			);
			name = os;
			productName = os;
			productReference = 4C5D15771E8FD76E00D8F15C /* os.app */;
			productType = "com.apple.product-type.application";
		};
/* End PBXNativeTarget section */

/* Begin PBXProject section */
		4C5D156F1E8FD76E00D8F15C /* Project object */ = {
			isa = PBXProject;
			attributes = {
				LastSwiftUpdateCheck = 0830;
				LastUpgradeCheck = 0920;
				ORGANIZATIONNAME = "Daniel Kuntz";
				TargetAttributes = {
					4C5D15761E8FD76E00D8F15C = {
						CreatedOnToolsVersion = 8.3;
						DevelopmentTeam = M24FQVR7AD;
						LastSwiftMigration = 0920;
						ProvisioningStyle = Automatic;
					};
				};
			};
			buildConfigurationList = 4C5D15721E8FD76E00D8F15C /* Build configuration list for PBXProject "os" */;
			compatibilityVersion = "Xcode 3.2";
			developmentRegion = English;
			hasScannedForEncodings = 0;
			knownRegions = (
				en,
				Base,
			);
			mainGroup = 4C5D156E1E8FD76E00D8F15C;
			productRefGroup = 4C5D15781E8FD76E00D8F15C /* Products */;
			projectDirPath = "";
			projectRoot = "";
			targets = (
				4C5D15761E8FD76E00D8F15C /* os */,
			);
		};
/* End PBXProject section */

/* Begin PBXResourcesBuildPhase section */
		4C5D15751E8FD76E00D8F15C /* Resources */ = {
			isa = PBXResourcesBuildPhase;
			buildActionMask = 2147483647;
			files = (
				4C74EC9A1E944FB300B419C9 /* Lato-Semibold.ttf in Resources */,
				4C5D15851E8FD76E00D8F15C /* LaunchScreen.storyboard in Resources */,
				4C5D15821E8FD76E00D8F15C /* Assets.xcassets in Resources */,
				4C5D15801E8FD76E00D8F15C /* Main.storyboard in Resources */,
				4C74EC981E944FA200B419C9 /* Lato-Regular.ttf in Resources */,
			);
			runOnlyForDeploymentPostprocessing = 0;
		};
/* End PBXResourcesBuildPhase section */

/* Begin PBXShellScriptBuildPhase section */
		3A212064A06260EF337A977D /* [CP] Check Pods Manifest.lock */ = {
			isa = PBXShellScriptBuildPhase;
			buildActionMask = 2147483647;
			files = (
			);
			inputPaths = (
				"${PODS_PODFILE_DIR_PATH}/Podfile.lock",
				"${PODS_ROOT}/Manifest.lock",
			);
			name = "[CP] Check Pods Manifest.lock";
			outputPaths = (
				"$(DERIVED_FILE_DIR)/Pods-os-checkManifestLockResult.txt",
			);
			runOnlyForDeploymentPostprocessing = 0;
			shellPath = /bin/sh;
			shellScript = "diff \"${PODS_PODFILE_DIR_PATH}/Podfile.lock\" \"${PODS_ROOT}/Manifest.lock\" > /dev/null\nif [ $? != 0 ] ; then\n    # print error to STDERR\n    echo \"error: The sandbox is not in sync with the Podfile.lock. Run 'pod install' or update your CocoaPods installation.\" >&2\n    exit 1\nfi\n# This output is used by Xcode 'outputs' to avoid re-running this script phase.\necho \"SUCCESS\" > \"${SCRIPT_OUTPUT_FILE_0}\"\n";
			showEnvVarsInLog = 0;
		};
		4CE94E961E9073DC000E1EF9 /* ShellScript */ = {
			isa = PBXShellScriptBuildPhase;
			buildActionMask = 2147483647;
			files = (
			);
			inputPaths = (
			);
			outputPaths = (
			);
			runOnlyForDeploymentPostprocessing = 0;
			shellPath = /bin/sh;
			shellScript = "\"$BUILT_PRODUCTS_DIR/$FRAMEWORKS_FOLDER_PATH/AudioKit.framework/fix-framework.sh\"";
		};
		994291BF0F5FED8FB36B8176 /* [CP] Copy Pods Resources */ = {
			isa = PBXShellScriptBuildPhase;
			buildActionMask = 2147483647;
			files = (
			);
			inputPaths = (
			);
			name = "[CP] Copy Pods Resources";
			outputPaths = (
			);
			runOnlyForDeploymentPostprocessing = 0;
			shellPath = /bin/sh;
			shellScript = "\"${SRCROOT}/Pods/Target Support Files/Pods-os/Pods-os-resources.sh\"\n";
			showEnvVarsInLog = 0;
		};
		C88231B1FE29A98FA303062A /* [CP] Embed Pods Frameworks */ = {
			isa = PBXShellScriptBuildPhase;
			buildActionMask = 2147483647;
			files = (
			);
			inputPaths = (
				"${SRCROOT}/Pods/Target Support Files/Pods-os/Pods-os-frameworks.sh",
				"${PODS_ROOT}/AudioKit/iOS/AudioKit.framework",
				"${PODS_ROOT}/AudioKit/iOS/AudioKitUI.framework",
			);
			name = "[CP] Embed Pods Frameworks";
			outputPaths = (
				"${TARGET_BUILD_DIR}/${FRAMEWORKS_FOLDER_PATH}/AudioKit.framework",
				"${TARGET_BUILD_DIR}/${FRAMEWORKS_FOLDER_PATH}/AudioKitUI.framework",
			);
			runOnlyForDeploymentPostprocessing = 0;
			shellPath = /bin/sh;
			shellScript = "\"${SRCROOT}/Pods/Target Support Files/Pods-os/Pods-os-frameworks.sh\"\n";
			showEnvVarsInLog = 0;
		};
/* End PBXShellScriptBuildPhase section */

/* Begin PBXSourcesBuildPhase section */
		4C5D15731E8FD76E00D8F15C /* Sources */ = {
			isa = PBXSourcesBuildPhase;
			buildActionMask = 2147483647;
			files = (
				4C5D157D1E8FD76E00D8F15C /* MainViewController.swift in Sources */,
				4C581C5B1FEA042100755290 /* VirtualContentUpdater.swift in Sources */,
				4C74EC9F1E945BDA00B419C9 /* UserDefaults+osUserDefaults.swift in Sources */,
				4C74EC961E944D5000B419C9 /* SwipeTutorialViewController.swift in Sources */,
				4C5D158E1E8FD7DE00D8F15C /* Extensions.swift in Sources */,
				4C5D157B1E8FD76E00D8F15C /* AppDelegate.swift in Sources */,
				4C5D158F1E8FD7DE00D8F15C /* WaveformView.swift in Sources */,
			);
			runOnlyForDeploymentPostprocessing = 0;
		};
/* End PBXSourcesBuildPhase section */

/* Begin PBXVariantGroup section */
		4C5D157E1E8FD76E00D8F15C /* Main.storyboard */ = {
			isa = PBXVariantGroup;
			children = (
				4C5D157F1E8FD76E00D8F15C /* Base */,
			);
			name = Main.storyboard;
			sourceTree = "<group>";
		};
		4C5D15831E8FD76E00D8F15C /* LaunchScreen.storyboard */ = {
			isa = PBXVariantGroup;
			children = (
				4C5D15841E8FD76E00D8F15C /* Base */,
			);
			name = LaunchScreen.storyboard;
			sourceTree = "<group>";
		};
/* End PBXVariantGroup section */

/* Begin XCBuildConfiguration section */
		4C5D15871E8FD76E00D8F15C /* Debug */ = {
			isa = XCBuildConfiguration;
			buildSettings = {
				ALWAYS_SEARCH_USER_PATHS = NO;
				CLANG_ANALYZER_NONNULL = YES;
				CLANG_ANALYZER_NUMBER_OBJECT_CONVERSION = YES_AGGRESSIVE;
				CLANG_CXX_LANGUAGE_STANDARD = "gnu++0x";
				CLANG_CXX_LIBRARY = "libc++";
				CLANG_ENABLE_MODULES = YES;
				CLANG_ENABLE_OBJC_ARC = YES;
				CLANG_WARN_BLOCK_CAPTURE_AUTORELEASING = YES;
				CLANG_WARN_BOOL_CONVERSION = YES;
				CLANG_WARN_COMMA = YES;
				CLANG_WARN_CONSTANT_CONVERSION = YES;
				CLANG_WARN_DIRECT_OBJC_ISA_USAGE = YES_ERROR;
				CLANG_WARN_DOCUMENTATION_COMMENTS = YES;
				CLANG_WARN_EMPTY_BODY = YES;
				CLANG_WARN_ENUM_CONVERSION = YES;
				CLANG_WARN_INFINITE_RECURSION = YES;
				CLANG_WARN_INT_CONVERSION = YES;
				CLANG_WARN_NON_LITERAL_NULL_CONVERSION = YES;
				CLANG_WARN_OBJC_LITERAL_CONVERSION = YES;
				CLANG_WARN_OBJC_ROOT_CLASS = YES_ERROR;
				CLANG_WARN_RANGE_LOOP_ANALYSIS = YES;
				CLANG_WARN_STRICT_PROTOTYPES = YES;
				CLANG_WARN_SUSPICIOUS_MOVE = YES;
				CLANG_WARN_UNREACHABLE_CODE = YES;
				CLANG_WARN__DUPLICATE_METHOD_MATCH = YES;
				"CODE_SIGN_IDENTITY[sdk=iphoneos*]" = "iPhone Developer";
				COPY_PHASE_STRIP = NO;
				DEBUG_INFORMATION_FORMAT = dwarf;
				ENABLE_STRICT_OBJC_MSGSEND = YES;
				ENABLE_TESTABILITY = YES;
				GCC_C_LANGUAGE_STANDARD = gnu99;
				GCC_DYNAMIC_NO_PIC = NO;
				GCC_NO_COMMON_BLOCKS = YES;
				GCC_OPTIMIZATION_LEVEL = 0;
				GCC_PREPROCESSOR_DEFINITIONS = (
					"DEBUG=1",
					"$(inherited)",
				);
				GCC_WARN_64_TO_32_BIT_CONVERSION = YES;
				GCC_WARN_ABOUT_RETURN_TYPE = YES_ERROR;
				GCC_WARN_UNDECLARED_SELECTOR = YES;
				GCC_WARN_UNINITIALIZED_AUTOS = YES_AGGRESSIVE;
				GCC_WARN_UNUSED_FUNCTION = YES;
				GCC_WARN_UNUSED_VARIABLE = YES;
				IPHONEOS_DEPLOYMENT_TARGET = 10.3;
				MTL_ENABLE_DEBUG_INFO = YES;
				ONLY_ACTIVE_ARCH = YES;
				SDKROOT = iphoneos;
				SWIFT_ACTIVE_COMPILATION_CONDITIONS = DEBUG;
				SWIFT_OPTIMIZATION_LEVEL = "-Onone";
			};
			name = Debug;
		};
		4C5D15881E8FD76E00D8F15C /* Release */ = {
			isa = XCBuildConfiguration;
			buildSettings = {
				ALWAYS_SEARCH_USER_PATHS = NO;
				CLANG_ANALYZER_NONNULL = YES;
				CLANG_ANALYZER_NUMBER_OBJECT_CONVERSION = YES_AGGRESSIVE;
				CLANG_CXX_LANGUAGE_STANDARD = "gnu++0x";
				CLANG_CXX_LIBRARY = "libc++";
				CLANG_ENABLE_MODULES = YES;
				CLANG_ENABLE_OBJC_ARC = YES;
				CLANG_WARN_BLOCK_CAPTURE_AUTORELEASING = YES;
				CLANG_WARN_BOOL_CONVERSION = YES;
				CLANG_WARN_COMMA = YES;
				CLANG_WARN_CONSTANT_CONVERSION = YES;
				CLANG_WARN_DIRECT_OBJC_ISA_USAGE = YES_ERROR;
				CLANG_WARN_DOCUMENTATION_COMMENTS = YES;
				CLANG_WARN_EMPTY_BODY = YES;
				CLANG_WARN_ENUM_CONVERSION = YES;
				CLANG_WARN_INFINITE_RECURSION = YES;
				CLANG_WARN_INT_CONVERSION = YES;
				CLANG_WARN_NON_LITERAL_NULL_CONVERSION = YES;
				CLANG_WARN_OBJC_LITERAL_CONVERSION = YES;
				CLANG_WARN_OBJC_ROOT_CLASS = YES_ERROR;
				CLANG_WARN_RANGE_LOOP_ANALYSIS = YES;
				CLANG_WARN_STRICT_PROTOTYPES = YES;
				CLANG_WARN_SUSPICIOUS_MOVE = YES;
				CLANG_WARN_UNREACHABLE_CODE = YES;
				CLANG_WARN__DUPLICATE_METHOD_MATCH = YES;
				"CODE_SIGN_IDENTITY[sdk=iphoneos*]" = "iPhone Developer";
				COPY_PHASE_STRIP = NO;
				DEBUG_INFORMATION_FORMAT = "dwarf-with-dsym";
				ENABLE_NS_ASSERTIONS = NO;
				ENABLE_STRICT_OBJC_MSGSEND = YES;
				GCC_C_LANGUAGE_STANDARD = gnu99;
				GCC_NO_COMMON_BLOCKS = YES;
				GCC_WARN_64_TO_32_BIT_CONVERSION = YES;
				GCC_WARN_ABOUT_RETURN_TYPE = YES_ERROR;
				GCC_WARN_UNDECLARED_SELECTOR = YES;
				GCC_WARN_UNINITIALIZED_AUTOS = YES_AGGRESSIVE;
				GCC_WARN_UNUSED_FUNCTION = YES;
				GCC_WARN_UNUSED_VARIABLE = YES;
				IPHONEOS_DEPLOYMENT_TARGET = 10.3;
				MTL_ENABLE_DEBUG_INFO = NO;
				SDKROOT = iphoneos;
				SWIFT_OPTIMIZATION_LEVEL = "-Owholemodule";
				VALIDATE_PRODUCT = YES;
			};
			name = Release;
		};
		4C5D158A1E8FD76E00D8F15C /* Debug */ = {
			isa = XCBuildConfiguration;
			baseConfigurationReference = F95D2C9A6D9CB56C4810926C /* Pods-os.debug.xcconfig */;
			buildSettings = {
				ASSETCATALOG_COMPILER_APPICON_NAME = AppIcon;
				DEVELOPMENT_TEAM = M24FQVR7AD;
				INFOPLIST_FILE = os/Info.plist;
				IPHONEOS_DEPLOYMENT_TARGET = 11.0;
				LD_RUNPATH_SEARCH_PATHS = "$(inherited) @executable_path/Frameworks";
				PRODUCT_BUNDLE_IDENTIFIER = com.danielkuntz.os;
				PRODUCT_NAME = "$(TARGET_NAME)";
				SWIFT_SWIFT3_OBJC_INFERENCE = On;
				SWIFT_VERSION = 4.0;
			};
			name = Debug;
		};
		4C5D158B1E8FD76E00D8F15C /* Release */ = {
			isa = XCBuildConfiguration;
			baseConfigurationReference = 788E468493E8B3B08972DDDF /* Pods-os.release.xcconfig */;
			buildSettings = {
				ASSETCATALOG_COMPILER_APPICON_NAME = AppIcon;
				DEVELOPMENT_TEAM = M24FQVR7AD;
				INFOPLIST_FILE = os/Info.plist;
				IPHONEOS_DEPLOYMENT_TARGET = 11.0;
				LD_RUNPATH_SEARCH_PATHS = "$(inherited) @executable_path/Frameworks";
				PRODUCT_BUNDLE_IDENTIFIER = com.danielkuntz.os;
				PRODUCT_NAME = "$(TARGET_NAME)";
				SWIFT_SWIFT3_OBJC_INFERENCE = On;
				SWIFT_VERSION = 4.0;
			};
			name = Release;
		};
/* End XCBuildConfiguration section */

/* Begin XCConfigurationList section */
		4C5D15721E8FD76E00D8F15C /* Build configuration list for PBXProject "os" */ = {
			isa = XCConfigurationList;
			buildConfigurations = (
				4C5D15871E8FD76E00D8F15C /* Debug */,
				4C5D15881E8FD76E00D8F15C /* Release */,
			);
			defaultConfigurationIsVisible = 0;
			defaultConfigurationName = Release;
		};
		4C5D15891E8FD76E00D8F15C /* Build configuration list for PBXNativeTarget "os" */ = {
			isa = XCConfigurationList;
			buildConfigurations = (
				4C5D158A1E8FD76E00D8F15C /* Debug */,
				4C5D158B1E8FD76E00D8F15C /* Release */,
			);
			defaultConfigurationIsVisible = 0;
			defaultConfigurationName = Release;
		};
/* End XCConfigurationList section */
	};
	rootObject = 4C5D156F1E8FD76E00D8F15C /* Project object */;
}
